
Microsoft Visual Studio Solution File, Format Version 12.00
# Visual Studio Version 16
VisualStudioVersion = 16.0.30717.126
MinimumVisualStudioVersion = 10.0.40219.1
Project("{9A19103F-16F7-4668-BE54-9A1E7A4F7556}") = "day1", "day1.csproj", "{48932ABE-2503-48F6-BE16-C6C9E710941E}"
EndProject
Global
	GlobalSection(SolutionConfigurationPlatforms) = preSolution
		Debug|Any CPU = Debug|Any CPU
		Release|Any CPU = Release|Any CPU
	EndGlobalSection
	GlobalSection(ProjectConfigurationPlatforms) = postSolution
		{48932ABE-2503-48F6-BE16-C6C9E710941E}.Debug|Any CPU.ActiveCfg = Debug|Any CPU
		{48932ABE-2503-48F6-BE16-C6C9E710941E}.Debug|Any CPU.Build.0 = Debug|Any CPU
		{48932ABE-2503-48F6-BE16-C6C9E710941E}.Release|Any CPU.ActiveCfg = Release|Any CPU
		{48932ABE-2503-48F6-BE16-C6C9E710941E}.Release|Any CPU.Build.0 = Release|Any CPU
	EndGlobalSection
	GlobalSection(SolutionProperties) = preSolution
		HideSolutionNode = FALSE
	EndGlobalSection
	GlobalSection(ExtensibilityGlobals) = postSolution
		SolutionGuid = {6173E94E-7210-4D53-8F87-07D470939F27}
	EndGlobalSection
EndGlobal
